
Microsoft Visual Studio Solution File, Format Version 11.00
# Visual Studio 2010
Project("{F14B399A-7131-4C87-9E4B-1186C45EF12D}") = "PMBR 148New", "PMBR 148New\PMBR 148New.rptproj", "{99B58D18-86BF-4BE5-8B86-9B2CAD7D576C}"
EndProject
Global
	GlobalSection(SolutionConfigurationPlatforms) = preSolution
		Debug|Default = Debug|Default
		DebugLocal|Default = DebugLocal|Default
		Release|Default = Release|Default
	EndGlobalSection
	GlobalSection(ProjectConfigurationPlatforms) = postSolution
		{99B58D18-86BF-4BE5-8B86-9B2CAD7D576C}.Debug|Default.ActiveCfg = Debug
		{99B58D18-86BF-4BE5-8B86-9B2CAD7D576C}.Debug|Default.Build.0 = DebugLocal
		{99B58D18-86BF-4BE5-8B86-9B2CAD7D576C}.Debug|Default.Deploy.0 = DebugLocal
		{99B58D18-86BF-4BE5-8B86-9B2CAD7D576C}.DebugLocal|Default.ActiveCfg = DebugLocal
		{99B58D18-86BF-4BE5-8B86-9B2CAD7D576C}.DebugLocal|Default.Build.0 = DebugLocal
		{99B58D18-86BF-4BE5-8B86-9B2CAD7D576C}.Release|Default.ActiveCfg = Release
		{99B58D18-86BF-4BE5-8B86-9B2CAD7D576C}.Release|Default.Build.0 = Release
		{99B58D18-86BF-4BE5-8B86-9B2CAD7D576C}.Release|Default.Deploy.0 = Release
	EndGlobalSection
	GlobalSection(SolutionProperties) = preSolution
		HideSolutionNode = FALSE
	EndGlobalSection
EndGlobal
