
Microsoft Visual Studio Solution File, Format Version 11.00
# Visual Studio 2010
Project("{D2ABAB84-BF74-430A-B69E-9DC6D40DDA17}") = "Final Project Dilevery", "Final Project Dilevery\Final Project Dilevery.dwproj", "{9A281D11-2FD0-4C10-A56D-9F6B4457DFB1}"
EndProject
Global
	GlobalSection(SolutionConfigurationPlatforms) = preSolution
		Development|Default = Development|Default
	EndGlobalSection
	GlobalSection(ProjectConfigurationPlatforms) = postSolution
		{9A281D11-2FD0-4C10-A56D-9F6B4457DFB1}.Development|Default.ActiveCfg = Development
		{9A281D11-2FD0-4C10-A56D-9F6B4457DFB1}.Development|Default.Build.0 = Development
		{9A281D11-2FD0-4C10-A56D-9F6B4457DFB1}.Development|Default.Deploy.0 = Development
	EndGlobalSection
	GlobalSection(SolutionProperties) = preSolution
		HideSolutionNode = FALSE
	EndGlobalSection
EndGlobal
