
Microsoft Visual Studio Solution File, Format Version 11.00
# Visual Studio 2010
Project("{F14B399A-7131-4C87-9E4B-1186C45EF12D}") = "Class_Report3", "Class_Report3\Class_Report3.rptproj", "{BD71BC78-1212-4807-A60E-203DB7153978}"
EndProject
Global
	GlobalSection(SolutionConfigurationPlatforms) = preSolution
		Debug|Default = Debug|Default
		DebugLocal|Default = DebugLocal|Default
		Release|Default = Release|Default
	EndGlobalSection
	GlobalSection(ProjectConfigurationPlatforms) = postSolution
		{BD71BC78-1212-4807-A60E-203DB7153978}.Debug|Default.ActiveCfg = Debug
		{BD71BC78-1212-4807-A60E-203DB7153978}.Debug|Default.Build.0 = DebugLocal
		{BD71BC78-1212-4807-A60E-203DB7153978}.Debug|Default.Deploy.0 = DebugLocal
		{BD71BC78-1212-4807-A60E-203DB7153978}.DebugLocal|Default.ActiveCfg = DebugLocal
		{BD71BC78-1212-4807-A60E-203DB7153978}.DebugLocal|Default.Build.0 = DebugLocal
		{BD71BC78-1212-4807-A60E-203DB7153978}.Release|Default.ActiveCfg = Release
		{BD71BC78-1212-4807-A60E-203DB7153978}.Release|Default.Build.0 = Release
		{BD71BC78-1212-4807-A60E-203DB7153978}.Release|Default.Deploy.0 = Release
	EndGlobalSection
	GlobalSection(SolutionProperties) = preSolution
		HideSolutionNode = FALSE
	EndGlobalSection
EndGlobal
