
Microsoft Visual Studio Solution File, Format Version 11.00
# Visual Studio 2010
Project("{F14B399A-7131-4C87-9E4B-1186C45EF12D}") = "PMBR 403", "PMBR 403\PMBR 403.rptproj", "{0E16C852-13D0-4377-A1EA-64D80BDAD15D}"
EndProject
Global
	GlobalSection(SolutionConfigurationPlatforms) = preSolution
		Debug|Default = Debug|Default
		DebugLocal|Default = DebugLocal|Default
		Release|Default = Release|Default
	EndGlobalSection
	GlobalSection(ProjectConfigurationPlatforms) = postSolution
		{0E16C852-13D0-4377-A1EA-64D80BDAD15D}.Debug|Default.ActiveCfg = Debug
		{0E16C852-13D0-4377-A1EA-64D80BDAD15D}.Debug|Default.Build.0 = DebugLocal
		{0E16C852-13D0-4377-A1EA-64D80BDAD15D}.Debug|Default.Deploy.0 = DebugLocal
		{0E16C852-13D0-4377-A1EA-64D80BDAD15D}.DebugLocal|Default.ActiveCfg = DebugLocal
		{0E16C852-13D0-4377-A1EA-64D80BDAD15D}.DebugLocal|Default.Build.0 = DebugLocal
		{0E16C852-13D0-4377-A1EA-64D80BDAD15D}.Release|Default.ActiveCfg = Release
		{0E16C852-13D0-4377-A1EA-64D80BDAD15D}.Release|Default.Build.0 = Release
		{0E16C852-13D0-4377-A1EA-64D80BDAD15D}.Release|Default.Deploy.0 = Release
	EndGlobalSection
	GlobalSection(SolutionProperties) = preSolution
		HideSolutionNode = FALSE
	EndGlobalSection
EndGlobal
