
Microsoft Visual Studio Solution File, Format Version 11.00
# Visual Studio 2010
Project("{F14B399A-7131-4C87-9E4B-1186C45EF12D}") = "01Subreportnew", "01Subreportnew\01Subreportnew.rptproj", "{59AA98DF-400B-4289-9EE8-41B0DEF7F82C}"
EndProject
Global
	GlobalSection(SolutionConfigurationPlatforms) = preSolution
		Debug|Default = Debug|Default
		DebugLocal|Default = DebugLocal|Default
		Release|Default = Release|Default
	EndGlobalSection
	GlobalSection(ProjectConfigurationPlatforms) = postSolution
		{59AA98DF-400B-4289-9EE8-41B0DEF7F82C}.Debug|Default.ActiveCfg = Debug
		{59AA98DF-400B-4289-9EE8-41B0DEF7F82C}.Debug|Default.Build.0 = DebugLocal
		{59AA98DF-400B-4289-9EE8-41B0DEF7F82C}.Debug|Default.Deploy.0 = DebugLocal
		{59AA98DF-400B-4289-9EE8-41B0DEF7F82C}.DebugLocal|Default.ActiveCfg = DebugLocal
		{59AA98DF-400B-4289-9EE8-41B0DEF7F82C}.DebugLocal|Default.Build.0 = DebugLocal
		{59AA98DF-400B-4289-9EE8-41B0DEF7F82C}.Release|Default.ActiveCfg = Release
		{59AA98DF-400B-4289-9EE8-41B0DEF7F82C}.Release|Default.Build.0 = Release
		{59AA98DF-400B-4289-9EE8-41B0DEF7F82C}.Release|Default.Deploy.0 = Release
	EndGlobalSection
	GlobalSection(SolutionProperties) = preSolution
		HideSolutionNode = FALSE
	EndGlobalSection
EndGlobal
