
Microsoft Visual Studio Solution File, Format Version 11.00
# Visual Studio 2010
Project("{F14B399A-7131-4C87-9E4B-1186C45EF12D}") = "SavingsNew", "SavingsNew\SavingsNew.rptproj", "{F65FCB49-9B29-4E60-A101-C47DED7E624D}"
EndProject
Global
	GlobalSection(SolutionConfigurationPlatforms) = preSolution
		Debug|Default = Debug|Default
		DebugLocal|Default = DebugLocal|Default
		Release|Default = Release|Default
	EndGlobalSection
	GlobalSection(ProjectConfigurationPlatforms) = postSolution
		{F65FCB49-9B29-4E60-A101-C47DED7E624D}.Debug|Default.ActiveCfg = Debug
		{F65FCB49-9B29-4E60-A101-C47DED7E624D}.Debug|Default.Build.0 = DebugLocal
		{F65FCB49-9B29-4E60-A101-C47DED7E624D}.Debug|Default.Deploy.0 = DebugLocal
		{F65FCB49-9B29-4E60-A101-C47DED7E624D}.DebugLocal|Default.ActiveCfg = DebugLocal
		{F65FCB49-9B29-4E60-A101-C47DED7E624D}.DebugLocal|Default.Build.0 = DebugLocal
		{F65FCB49-9B29-4E60-A101-C47DED7E624D}.Release|Default.ActiveCfg = Release
		{F65FCB49-9B29-4E60-A101-C47DED7E624D}.Release|Default.Build.0 = Release
		{F65FCB49-9B29-4E60-A101-C47DED7E624D}.Release|Default.Deploy.0 = Release
	EndGlobalSection
	GlobalSection(SolutionProperties) = preSolution
		HideSolutionNode = FALSE
	EndGlobalSection
EndGlobal
