
Microsoft Visual Studio Solution File, Format Version 11.00
# Visual Studio 2010
Project("{159641D6-6404-4A2A-AE62-294DE0FE8301}") = "Simple example", "Simple example\Simple example.dtproj", "{B35147FB-6593-4A34-BF2E-C84AA30DC73C}"
EndProject
Global
	GlobalSection(SolutionConfigurationPlatforms) = preSolution
		Development|Default = Development|Default
	EndGlobalSection
	GlobalSection(ProjectConfigurationPlatforms) = postSolution
		{B35147FB-6593-4A34-BF2E-C84AA30DC73C}.Development|Default.ActiveCfg = Development
		{B35147FB-6593-4A34-BF2E-C84AA30DC73C}.Development|Default.Build.0 = Development
	EndGlobalSection
	GlobalSection(SolutionProperties) = preSolution
		HideSolutionNode = FALSE
	EndGlobalSection
EndGlobal
