
Microsoft Visual Studio Solution File, Format Version 11.00
# Visual Studio 2010
Project("{D2ABAB84-BF74-430A-B69E-9DC6D40DDA17}") = "fact test", "fact test\fact test.dwproj", "{759836F3-D0DB-4D02-9BE9-746D318F4BD0}"
EndProject
Global
	GlobalSection(SolutionConfigurationPlatforms) = preSolution
		Development|Default = Development|Default
	EndGlobalSection
	GlobalSection(ProjectConfigurationPlatforms) = postSolution
		{759836F3-D0DB-4D02-9BE9-746D318F4BD0}.Development|Default.ActiveCfg = Development
		{759836F3-D0DB-4D02-9BE9-746D318F4BD0}.Development|Default.Build.0 = Development
		{759836F3-D0DB-4D02-9BE9-746D318F4BD0}.Development|Default.Deploy.0 = Development
	EndGlobalSection
	GlobalSection(SolutionProperties) = preSolution
		HideSolutionNode = FALSE
	EndGlobalSection
EndGlobal
