
Microsoft Visual Studio Solution File, Format Version 11.00
# Visual Studio 2010
Project("{F14B399A-7131-4C87-9E4B-1186C45EF12D}") = "MoviesProject", "MoviesProject\MoviesProject.rptproj", "{BC894F37-884C-4A46-A34B-1B4FCEF7F795}"
EndProject
Global
	GlobalSection(SolutionConfigurationPlatforms) = preSolution
		Debug|Default = Debug|Default
		DebugLocal|Default = DebugLocal|Default
		Release|Default = Release|Default
	EndGlobalSection
	GlobalSection(ProjectConfigurationPlatforms) = postSolution
		{BC894F37-884C-4A46-A34B-1B4FCEF7F795}.Debug|Default.ActiveCfg = Debug
		{BC894F37-884C-4A46-A34B-1B4FCEF7F795}.Debug|Default.Build.0 = DebugLocal
		{BC894F37-884C-4A46-A34B-1B4FCEF7F795}.Debug|Default.Deploy.0 = DebugLocal
		{BC894F37-884C-4A46-A34B-1B4FCEF7F795}.DebugLocal|Default.ActiveCfg = DebugLocal
		{BC894F37-884C-4A46-A34B-1B4FCEF7F795}.DebugLocal|Default.Build.0 = DebugLocal
		{BC894F37-884C-4A46-A34B-1B4FCEF7F795}.Release|Default.ActiveCfg = Release
		{BC894F37-884C-4A46-A34B-1B4FCEF7F795}.Release|Default.Build.0 = Release
		{BC894F37-884C-4A46-A34B-1B4FCEF7F795}.Release|Default.Deploy.0 = Release
	EndGlobalSection
	GlobalSection(SolutionProperties) = preSolution
		HideSolutionNode = FALSE
	EndGlobalSection
EndGlobal
