
Microsoft Visual Studio Solution File, Format Version 11.00
# Visual Studio 2010
Project("{159641D6-6404-4A2A-AE62-294DE0FE8301}") = "Monthly_Expense", "Monthly_Expense\Monthly_Expense.dtproj", "{0CB489E5-D41C-4BD6-AE39-16000F82AAF6}"
EndProject
Global
	GlobalSection(SolutionConfigurationPlatforms) = preSolution
		Development|Default = Development|Default
	EndGlobalSection
	GlobalSection(ProjectConfigurationPlatforms) = postSolution
		{0CB489E5-D41C-4BD6-AE39-16000F82AAF6}.Development|Default.ActiveCfg = Development
		{0CB489E5-D41C-4BD6-AE39-16000F82AAF6}.Development|Default.Build.0 = Development
	EndGlobalSection
	GlobalSection(SolutionProperties) = preSolution
		HideSolutionNode = FALSE
	EndGlobalSection
EndGlobal
