
Microsoft Visual Studio Solution File, Format Version 11.00
# Visual Studio 2010
Project("{F14B399A-7131-4C87-9E4B-1186C45EF12D}") = "01Casecading", "01Casecading\01Casecading.rptproj", "{A733FF77-E3DB-434D-A735-6AEE7B5CC750}"
EndProject
Global
	GlobalSection(SolutionConfigurationPlatforms) = preSolution
		Debug|Default = Debug|Default
		DebugLocal|Default = DebugLocal|Default
		Release|Default = Release|Default
	EndGlobalSection
	GlobalSection(ProjectConfigurationPlatforms) = postSolution
		{A733FF77-E3DB-434D-A735-6AEE7B5CC750}.Debug|Default.ActiveCfg = Debug
		{A733FF77-E3DB-434D-A735-6AEE7B5CC750}.Debug|Default.Build.0 = DebugLocal
		{A733FF77-E3DB-434D-A735-6AEE7B5CC750}.Debug|Default.Deploy.0 = DebugLocal
		{A733FF77-E3DB-434D-A735-6AEE7B5CC750}.DebugLocal|Default.ActiveCfg = DebugLocal
		{A733FF77-E3DB-434D-A735-6AEE7B5CC750}.DebugLocal|Default.Build.0 = DebugLocal
		{A733FF77-E3DB-434D-A735-6AEE7B5CC750}.Release|Default.ActiveCfg = Release
		{A733FF77-E3DB-434D-A735-6AEE7B5CC750}.Release|Default.Build.0 = Release
		{A733FF77-E3DB-434D-A735-6AEE7B5CC750}.Release|Default.Deploy.0 = Release
	EndGlobalSection
	GlobalSection(SolutionProperties) = preSolution
		HideSolutionNode = FALSE
	EndGlobalSection
EndGlobal
