
Microsoft Visual Studio Solution File, Format Version 11.00
# Visual Studio 2010
Project("{D2ABAB84-BF74-430A-B69E-9DC6D40DDA17}") = "CubeTestProject1", "CubeTestProject1\CubeTestProject1.dwproj", "{9088CA39-4CD8-4D4B-865C-7AB46FB02C5A}"
EndProject
Global
	GlobalSection(SolutionConfigurationPlatforms) = preSolution
		Development|Default = Development|Default
	EndGlobalSection
	GlobalSection(ProjectConfigurationPlatforms) = postSolution
		{9088CA39-4CD8-4D4B-865C-7AB46FB02C5A}.Development|Default.ActiveCfg = Development
		{9088CA39-4CD8-4D4B-865C-7AB46FB02C5A}.Development|Default.Build.0 = Development
		{9088CA39-4CD8-4D4B-865C-7AB46FB02C5A}.Development|Default.Deploy.0 = Development
	EndGlobalSection
	GlobalSection(SolutionProperties) = preSolution
		HideSolutionNode = FALSE
	EndGlobalSection
EndGlobal
