
Microsoft Visual Studio Solution File, Format Version 11.00
# Visual Studio 2010
Project("{D2ABAB84-BF74-430A-B69E-9DC6D40DDA17}") = "FirstCube", "FirstCube\FirstCube.dwproj", "{2E768F87-EEE5-447D-8F43-B61FA0AA4D3D}"
EndProject
Global
	GlobalSection(SolutionConfigurationPlatforms) = preSolution
		Development|Default = Development|Default
	EndGlobalSection
	GlobalSection(ProjectConfigurationPlatforms) = postSolution
		{2E768F87-EEE5-447D-8F43-B61FA0AA4D3D}.Development|Default.ActiveCfg = Development
		{2E768F87-EEE5-447D-8F43-B61FA0AA4D3D}.Development|Default.Build.0 = Development
		{2E768F87-EEE5-447D-8F43-B61FA0AA4D3D}.Development|Default.Deploy.0 = Development
	EndGlobalSection
	GlobalSection(SolutionProperties) = preSolution
		HideSolutionNode = FALSE
	EndGlobalSection
EndGlobal
