
Microsoft Visual Studio Solution File, Format Version 11.00
# Visual Studio 2010
Project("{D2ABAB84-BF74-430A-B69E-9DC6D40DDA17}") = "Practice cube 16112017", "Practice cube 16112017\Practice cube 16112017.dwproj", "{7A3F9478-C2A0-4CCC-AE84-71A0CCBF9DCA}"
EndProject
Global
	GlobalSection(SolutionConfigurationPlatforms) = preSolution
		Development|Default = Development|Default
	EndGlobalSection
	GlobalSection(ProjectConfigurationPlatforms) = postSolution
		{7A3F9478-C2A0-4CCC-AE84-71A0CCBF9DCA}.Development|Default.ActiveCfg = Development
		{7A3F9478-C2A0-4CCC-AE84-71A0CCBF9DCA}.Development|Default.Build.0 = Development
		{7A3F9478-C2A0-4CCC-AE84-71A0CCBF9DCA}.Development|Default.Deploy.0 = Development
	EndGlobalSection
	GlobalSection(SolutionProperties) = preSolution
		HideSolutionNode = FALSE
	EndGlobalSection
EndGlobal
