
Microsoft Visual Studio Solution File, Format Version 11.00
# Visual Studio 2010
Project("{D2ABAB84-BF74-430A-B69E-9DC6D40DDA17}") = "Savings", "Savings\Savings.dwproj", "{89B21AC0-C9A6-495B-9317-0364B0E7631A}"
EndProject
Global
	GlobalSection(SolutionConfigurationPlatforms) = preSolution
		Development|Default = Development|Default
	EndGlobalSection
	GlobalSection(ProjectConfigurationPlatforms) = postSolution
		{89B21AC0-C9A6-495B-9317-0364B0E7631A}.Development|Default.ActiveCfg = Development
		{89B21AC0-C9A6-495B-9317-0364B0E7631A}.Development|Default.Build.0 = Development
		{89B21AC0-C9A6-495B-9317-0364B0E7631A}.Development|Default.Deploy.0 = Development
	EndGlobalSection
	GlobalSection(SolutionProperties) = preSolution
		HideSolutionNode = FALSE
	EndGlobalSection
EndGlobal
