
Microsoft Visual Studio Solution File, Format Version 11.00
# Visual Studio 2010
Project("{D2ABAB84-BF74-430A-B69E-9DC6D40DDA17}") = "practice 16", "practice 16\practice 16.dwproj", "{2A976CF1-3694-4806-BD58-9B7B18040658}"
EndProject
Global
	GlobalSection(SolutionConfigurationPlatforms) = preSolution
		Development|Default = Development|Default
	EndGlobalSection
	GlobalSection(ProjectConfigurationPlatforms) = postSolution
		{2A976CF1-3694-4806-BD58-9B7B18040658}.Development|Default.ActiveCfg = Development
		{2A976CF1-3694-4806-BD58-9B7B18040658}.Development|Default.Build.0 = Development
		{2A976CF1-3694-4806-BD58-9B7B18040658}.Development|Default.Deploy.0 = Development
	EndGlobalSection
	GlobalSection(SolutionProperties) = preSolution
		HideSolutionNode = FALSE
	EndGlobalSection
EndGlobal
