
Microsoft Visual Studio Solution File, Format Version 11.00
# Visual Studio 2010
Project("{F14B399A-7131-4C87-9E4B-1186C45EF12D}") = "Parameters Testing", "Parameters Testing\Parameters Testing.rptproj", "{FE61C7C8-FAA2-490E-9C04-81C53263C6DE}"
EndProject
Global
	GlobalSection(SolutionConfigurationPlatforms) = preSolution
		Debug|Default = Debug|Default
		DebugLocal|Default = DebugLocal|Default
		Release|Default = Release|Default
	EndGlobalSection
	GlobalSection(ProjectConfigurationPlatforms) = postSolution
		{FE61C7C8-FAA2-490E-9C04-81C53263C6DE}.Debug|Default.ActiveCfg = Debug
		{FE61C7C8-FAA2-490E-9C04-81C53263C6DE}.Debug|Default.Build.0 = DebugLocal
		{FE61C7C8-FAA2-490E-9C04-81C53263C6DE}.Debug|Default.Deploy.0 = DebugLocal
		{FE61C7C8-FAA2-490E-9C04-81C53263C6DE}.DebugLocal|Default.ActiveCfg = DebugLocal
		{FE61C7C8-FAA2-490E-9C04-81C53263C6DE}.DebugLocal|Default.Build.0 = DebugLocal
		{FE61C7C8-FAA2-490E-9C04-81C53263C6DE}.Release|Default.ActiveCfg = Release
		{FE61C7C8-FAA2-490E-9C04-81C53263C6DE}.Release|Default.Build.0 = Release
		{FE61C7C8-FAA2-490E-9C04-81C53263C6DE}.Release|Default.Deploy.0 = Release
	EndGlobalSection
	GlobalSection(SolutionProperties) = preSolution
		HideSolutionNode = FALSE
	EndGlobalSection
EndGlobal
