
Microsoft Visual Studio Solution File, Format Version 11.00
# Visual Studio 2010
Project("{159641D6-6404-4A2A-AE62-294DE0FE8301}") = "Excel to SQL", "Excel to SQL\Excel to SQL.dtproj", "{17DF97AE-5D4E-4DCE-82C2-796D9E1BC296}"
EndProject
Global
	GlobalSection(SolutionConfigurationPlatforms) = preSolution
		Development|Default = Development|Default
	EndGlobalSection
	GlobalSection(ProjectConfigurationPlatforms) = postSolution
		{17DF97AE-5D4E-4DCE-82C2-796D9E1BC296}.Development|Default.ActiveCfg = Development
		{17DF97AE-5D4E-4DCE-82C2-796D9E1BC296}.Development|Default.Build.0 = Development
	EndGlobalSection
	GlobalSection(SolutionProperties) = preSolution
		HideSolutionNode = FALSE
	EndGlobalSection
EndGlobal
