
Microsoft Visual Studio Solution File, Format Version 11.00
# Visual Studio 2010
Project("{159641D6-6404-4A2A-AE62-294DE0FE8301}") = "SSIS Project For Practice 18-09-21017", "SSIS Project For Practice 18-09-21017\SSIS Project For Practice 18-09-21017.dtproj", "{A2D36145-C1BE-477F-9B3F-45948A87E61C}"
EndProject
Global
	GlobalSection(SolutionConfigurationPlatforms) = preSolution
		Development|Default = Development|Default
	EndGlobalSection
	GlobalSection(ProjectConfigurationPlatforms) = postSolution
		{A2D36145-C1BE-477F-9B3F-45948A87E61C}.Development|Default.ActiveCfg = Development
		{A2D36145-C1BE-477F-9B3F-45948A87E61C}.Development|Default.Build.0 = Development
	EndGlobalSection
	GlobalSection(SolutionProperties) = preSolution
		HideSolutionNode = FALSE
	EndGlobalSection
EndGlobal
