
Microsoft Visual Studio Solution File, Format Version 11.00
# Visual Studio 2010
Project("{D2ABAB84-BF74-430A-B69E-9DC6D40DDA17}") = "practice 16.2", "practice 16.2\practice 16.2.dwproj", "{F9C670B9-7BC4-45E0-B7C7-2C793B7794D1}"
EndProject
Global
	GlobalSection(SolutionConfigurationPlatforms) = preSolution
		Development|Default = Development|Default
	EndGlobalSection
	GlobalSection(ProjectConfigurationPlatforms) = postSolution
		{F9C670B9-7BC4-45E0-B7C7-2C793B7794D1}.Development|Default.ActiveCfg = Development
		{F9C670B9-7BC4-45E0-B7C7-2C793B7794D1}.Development|Default.Build.0 = Development
		{F9C670B9-7BC4-45E0-B7C7-2C793B7794D1}.Development|Default.Deploy.0 = Development
	EndGlobalSection
	GlobalSection(SolutionProperties) = preSolution
		HideSolutionNode = FALSE
	EndGlobalSection
EndGlobal
