
Microsoft Visual Studio Solution File, Format Version 11.00
# Visual Studio 2010
Project("{D2ABAB84-BF74-430A-B69E-9DC6D40DDA17}") = "EndToEnd implimentation", "EndToEnd implimentation\EndToEnd implimentation.dwproj", "{EE80C6A1-5A48-4EF5-AB31-07AEDCCED9FE}"
EndProject
Global
	GlobalSection(SolutionConfigurationPlatforms) = preSolution
		Development|Default = Development|Default
	EndGlobalSection
	GlobalSection(ProjectConfigurationPlatforms) = postSolution
		{EE80C6A1-5A48-4EF5-AB31-07AEDCCED9FE}.Development|Default.ActiveCfg = Development
		{EE80C6A1-5A48-4EF5-AB31-07AEDCCED9FE}.Development|Default.Build.0 = Development
		{EE80C6A1-5A48-4EF5-AB31-07AEDCCED9FE}.Development|Default.Deploy.0 = Development
	EndGlobalSection
	GlobalSection(SolutionProperties) = preSolution
		HideSolutionNode = FALSE
	EndGlobalSection
EndGlobal
