
Microsoft Visual Studio Solution File, Format Version 11.00
# Visual Studio 2010
Project("{D2ABAB84-BF74-430A-B69E-9DC6D40DDA17}") = "SSAS cube3", "SSAS cube3\SSAS cube3.dwproj", "{5CF44E5A-9FBF-489E-B44A-F81F03C89505}"
EndProject
Global
	GlobalSection(SolutionConfigurationPlatforms) = preSolution
		Development|Default = Development|Default
	EndGlobalSection
	GlobalSection(ProjectConfigurationPlatforms) = postSolution
		{5CF44E5A-9FBF-489E-B44A-F81F03C89505}.Development|Default.ActiveCfg = Development
		{5CF44E5A-9FBF-489E-B44A-F81F03C89505}.Development|Default.Build.0 = Development
		{5CF44E5A-9FBF-489E-B44A-F81F03C89505}.Development|Default.Deploy.0 = Development
	EndGlobalSection
	GlobalSection(SolutionProperties) = preSolution
		HideSolutionNode = FALSE
	EndGlobalSection
EndGlobal
