
Microsoft Visual Studio Solution File, Format Version 11.00
# Visual Studio 2010
Project("{D2ABAB84-BF74-430A-B69E-9DC6D40DDA17}") = "Practice 20", "Practice 20\Practice 20.dwproj", "{2F104C94-71A8-429D-B25C-6D3FEB3DFA58}"
EndProject
Global
	GlobalSection(SolutionConfigurationPlatforms) = preSolution
		Development|Default = Development|Default
	EndGlobalSection
	GlobalSection(ProjectConfigurationPlatforms) = postSolution
		{2F104C94-71A8-429D-B25C-6D3FEB3DFA58}.Development|Default.ActiveCfg = Development
		{2F104C94-71A8-429D-B25C-6D3FEB3DFA58}.Development|Default.Build.0 = Development
		{2F104C94-71A8-429D-B25C-6D3FEB3DFA58}.Development|Default.Deploy.0 = Development
	EndGlobalSection
	GlobalSection(SolutionProperties) = preSolution
		HideSolutionNode = FALSE
	EndGlobalSection
EndGlobal
