
Microsoft Visual Studio Solution File, Format Version 11.00
# Visual Studio 2010
Project("{F14B399A-7131-4C87-9E4B-1186C45EF12D}") = "Practice Report 18-09-2017", "Practice Report 18-09-2017\Practice Report 18-09-2017.rptproj", "{32D79FDA-1569-4271-B7E8-65F26939FD29}"
EndProject
Global
	GlobalSection(SolutionConfigurationPlatforms) = preSolution
		Debug|Default = Debug|Default
		DebugLocal|Default = DebugLocal|Default
		Release|Default = Release|Default
	EndGlobalSection
	GlobalSection(ProjectConfigurationPlatforms) = postSolution
		{32D79FDA-1569-4271-B7E8-65F26939FD29}.Debug|Default.ActiveCfg = Debug
		{32D79FDA-1569-4271-B7E8-65F26939FD29}.Debug|Default.Build.0 = DebugLocal
		{32D79FDA-1569-4271-B7E8-65F26939FD29}.Debug|Default.Deploy.0 = DebugLocal
		{32D79FDA-1569-4271-B7E8-65F26939FD29}.DebugLocal|Default.ActiveCfg = DebugLocal
		{32D79FDA-1569-4271-B7E8-65F26939FD29}.DebugLocal|Default.Build.0 = DebugLocal
		{32D79FDA-1569-4271-B7E8-65F26939FD29}.Release|Default.ActiveCfg = Release
		{32D79FDA-1569-4271-B7E8-65F26939FD29}.Release|Default.Build.0 = Release
		{32D79FDA-1569-4271-B7E8-65F26939FD29}.Release|Default.Deploy.0 = Release
	EndGlobalSection
	GlobalSection(SolutionProperties) = preSolution
		HideSolutionNode = FALSE
	EndGlobalSection
EndGlobal
