
Microsoft Visual Studio Solution File, Format Version 11.00
# Visual Studio 2010
Project("{F14B399A-7131-4C87-9E4B-1186C45EF12D}") = "Report Project1", "Report Project1\Report Project1.rptproj", "{5F6104FA-3C87-438C-982E-2156CA3F2331}"
EndProject
Global
	GlobalSection(SolutionConfigurationPlatforms) = preSolution
		Debug|Default = Debug|Default
		DebugLocal|Default = DebugLocal|Default
		Release|Default = Release|Default
	EndGlobalSection
	GlobalSection(ProjectConfigurationPlatforms) = postSolution
		{5F6104FA-3C87-438C-982E-2156CA3F2331}.Debug|Default.ActiveCfg = Debug
		{5F6104FA-3C87-438C-982E-2156CA3F2331}.Debug|Default.Build.0 = DebugLocal
		{5F6104FA-3C87-438C-982E-2156CA3F2331}.Debug|Default.Deploy.0 = DebugLocal
		{5F6104FA-3C87-438C-982E-2156CA3F2331}.DebugLocal|Default.ActiveCfg = DebugLocal
		{5F6104FA-3C87-438C-982E-2156CA3F2331}.DebugLocal|Default.Build.0 = DebugLocal
		{5F6104FA-3C87-438C-982E-2156CA3F2331}.Release|Default.ActiveCfg = Release
		{5F6104FA-3C87-438C-982E-2156CA3F2331}.Release|Default.Build.0 = Release
		{5F6104FA-3C87-438C-982E-2156CA3F2331}.Release|Default.Deploy.0 = Release
	EndGlobalSection
	GlobalSection(SolutionProperties) = preSolution
		HideSolutionNode = FALSE
	EndGlobalSection
EndGlobal
