
Microsoft Visual Studio Solution File, Format Version 11.00
# Visual Studio 2010
Project("{D2ABAB84-BF74-430A-B69E-9DC6D40DDA17}") = "Test Project2", "Test Project2\Test Project2.dwproj", "{1B1E9535-EEDE-4884-8C3E-13C8353347FC}"
EndProject
Global
	GlobalSection(SolutionConfigurationPlatforms) = preSolution
		Development|Default = Development|Default
	EndGlobalSection
	GlobalSection(ProjectConfigurationPlatforms) = postSolution
		{1B1E9535-EEDE-4884-8C3E-13C8353347FC}.Development|Default.ActiveCfg = Development
		{1B1E9535-EEDE-4884-8C3E-13C8353347FC}.Development|Default.Build.0 = Development
		{1B1E9535-EEDE-4884-8C3E-13C8353347FC}.Development|Default.Deploy.0 = Development
	EndGlobalSection
	GlobalSection(SolutionProperties) = preSolution
		HideSolutionNode = FALSE
	EndGlobalSection
EndGlobal
