
Microsoft Visual Studio Solution File, Format Version 11.00
# Visual Studio 2010
Project("{159641D6-6404-4A2A-AE62-294DE0FE8301}") = "SavingProofs", "SavingProofs\SavingProofs.dtproj", "{7CB81D67-6F11-4F49-A41B-92C10677920A}"
EndProject
Global
	GlobalSection(SolutionConfigurationPlatforms) = preSolution
		Development|Default = Development|Default
	EndGlobalSection
	GlobalSection(ProjectConfigurationPlatforms) = postSolution
		{7CB81D67-6F11-4F49-A41B-92C10677920A}.Development|Default.ActiveCfg = Development
		{7CB81D67-6F11-4F49-A41B-92C10677920A}.Development|Default.Build.0 = Development
	EndGlobalSection
	GlobalSection(SolutionProperties) = preSolution
		HideSolutionNode = FALSE
	EndGlobalSection
EndGlobal
