
Microsoft Visual Studio Solution File, Format Version 11.00
# Visual Studio 2010
Project("{D2ABAB84-BF74-430A-B69E-9DC6D40DDA17}") = "Finance", "Finance\Finance.dwproj", "{F6850149-D394-4360-8EEC-605487E1729C}"
EndProject
Global
	GlobalSection(SolutionConfigurationPlatforms) = preSolution
		Development|Default = Development|Default
	EndGlobalSection
	GlobalSection(ProjectConfigurationPlatforms) = postSolution
		{F6850149-D394-4360-8EEC-605487E1729C}.Development|Default.ActiveCfg = Development
		{F6850149-D394-4360-8EEC-605487E1729C}.Development|Default.Build.0 = Development
		{F6850149-D394-4360-8EEC-605487E1729C}.Development|Default.Deploy.0 = Development
	EndGlobalSection
	GlobalSection(SolutionProperties) = preSolution
		HideSolutionNode = FALSE
	EndGlobalSection
EndGlobal
