
Microsoft Visual Studio Solution File, Format Version 11.00
# Visual Studio 2010
Project("{159641D6-6404-4A2A-AE62-294DE0FE8301}") = "createable", "createable\createable.dtproj", "{5D2FA5B0-79BD-4A4A-96A9-B16C42F6BC49}"
EndProject
Global
	GlobalSection(SolutionConfigurationPlatforms) = preSolution
		Development|Default = Development|Default
	EndGlobalSection
	GlobalSection(ProjectConfigurationPlatforms) = postSolution
		{5D2FA5B0-79BD-4A4A-96A9-B16C42F6BC49}.Development|Default.ActiveCfg = Development
		{5D2FA5B0-79BD-4A4A-96A9-B16C42F6BC49}.Development|Default.Build.0 = Development
	EndGlobalSection
	GlobalSection(SolutionProperties) = preSolution
		HideSolutionNode = FALSE
	EndGlobalSection
EndGlobal
