
Microsoft Visual Studio Solution File, Format Version 11.00
# Visual Studio 2010
Project("{D2ABAB84-BF74-430A-B69E-9DC6D40DDA17}") = "Demo1", "Demo1\Demo1.dwproj", "{1F4BFC30-7C2C-4D8F-95C0-270C524AB313}"
EndProject
Global
	GlobalSection(SolutionConfigurationPlatforms) = preSolution
		Development|Default = Development|Default
	EndGlobalSection
	GlobalSection(ProjectConfigurationPlatforms) = postSolution
		{1F4BFC30-7C2C-4D8F-95C0-270C524AB313}.Development|Default.ActiveCfg = Development
		{1F4BFC30-7C2C-4D8F-95C0-270C524AB313}.Development|Default.Build.0 = Development
		{1F4BFC30-7C2C-4D8F-95C0-270C524AB313}.Development|Default.Deploy.0 = Development
	EndGlobalSection
	GlobalSection(SolutionProperties) = preSolution
		HideSolutionNode = FALSE
	EndGlobalSection
EndGlobal
