
Microsoft Visual Studio Solution File, Format Version 11.00
# Visual Studio 2010
Project("{D2ABAB84-BF74-430A-B69E-9DC6D40DDA17}") = "CubeProject1", "CubeProject1\CubeProject1.dwproj", "{721989BB-E2BB-4E95-9930-D5A2EA96EF14}"
EndProject
Global
	GlobalSection(SolutionConfigurationPlatforms) = preSolution
		Development|Default = Development|Default
	EndGlobalSection
	GlobalSection(ProjectConfigurationPlatforms) = postSolution
		{721989BB-E2BB-4E95-9930-D5A2EA96EF14}.Development|Default.ActiveCfg = Development
		{721989BB-E2BB-4E95-9930-D5A2EA96EF14}.Development|Default.Build.0 = Development
		{721989BB-E2BB-4E95-9930-D5A2EA96EF14}.Development|Default.Deploy.0 = Development
	EndGlobalSection
	GlobalSection(SolutionProperties) = preSolution
		HideSolutionNode = FALSE
	EndGlobalSection
EndGlobal
