
Microsoft Visual Studio Solution File, Format Version 11.00
# Visual Studio 2010
Project("{D2ABAB84-BF74-430A-B69E-9DC6D40DDA17}") = "Product Hierarchy", "Product Hierarchy\Product Hierarchy.dwproj", "{051471E6-07AA-4333-AC1A-28F9974F035D}"
EndProject
Global
	GlobalSection(SolutionConfigurationPlatforms) = preSolution
		Development|Default = Development|Default
	EndGlobalSection
	GlobalSection(ProjectConfigurationPlatforms) = postSolution
		{051471E6-07AA-4333-AC1A-28F9974F035D}.Development|Default.ActiveCfg = Development
		{051471E6-07AA-4333-AC1A-28F9974F035D}.Development|Default.Build.0 = Development
		{051471E6-07AA-4333-AC1A-28F9974F035D}.Development|Default.Deploy.0 = Development
	EndGlobalSection
	GlobalSection(SolutionProperties) = preSolution
		HideSolutionNode = FALSE
	EndGlobalSection
EndGlobal
