
Microsoft Visual Studio Solution File, Format Version 11.00
# Visual Studio 2010
Project("{159641D6-6404-4A2A-AE62-294DE0FE8301}") = "Test Project 1", "Test Project 1\Test Project 1.dtproj", "{556416BE-9ED9-4E68-AFAA-248C4A818F4D}"
EndProject
Global
	GlobalSection(SolutionConfigurationPlatforms) = preSolution
		Development|Default = Development|Default
	EndGlobalSection
	GlobalSection(ProjectConfigurationPlatforms) = postSolution
		{556416BE-9ED9-4E68-AFAA-248C4A818F4D}.Development|Default.ActiveCfg = Development
		{556416BE-9ED9-4E68-AFAA-248C4A818F4D}.Development|Default.Build.0 = Development
	EndGlobalSection
	GlobalSection(SolutionProperties) = preSolution
		HideSolutionNode = FALSE
	EndGlobalSection
EndGlobal
