
Microsoft Visual Studio Solution File, Format Version 11.00
# Visual Studio 2010
Project("{F14B399A-7131-4C87-9E4B-1186C45EF12D}") = "Report Project2", "Report Project2\Report Project2.rptproj", "{F6836AA2-8149-4859-B63F-B16920A47F56}"
EndProject
Global
	GlobalSection(SolutionConfigurationPlatforms) = preSolution
		Debug|Default = Debug|Default
		DebugLocal|Default = DebugLocal|Default
		Release|Default = Release|Default
	EndGlobalSection
	GlobalSection(ProjectConfigurationPlatforms) = postSolution
		{F6836AA2-8149-4859-B63F-B16920A47F56}.Debug|Default.ActiveCfg = Debug
		{F6836AA2-8149-4859-B63F-B16920A47F56}.Debug|Default.Build.0 = DebugLocal
		{F6836AA2-8149-4859-B63F-B16920A47F56}.Debug|Default.Deploy.0 = DebugLocal
		{F6836AA2-8149-4859-B63F-B16920A47F56}.DebugLocal|Default.ActiveCfg = DebugLocal
		{F6836AA2-8149-4859-B63F-B16920A47F56}.DebugLocal|Default.Build.0 = DebugLocal
		{F6836AA2-8149-4859-B63F-B16920A47F56}.Release|Default.ActiveCfg = Release
		{F6836AA2-8149-4859-B63F-B16920A47F56}.Release|Default.Build.0 = Release
		{F6836AA2-8149-4859-B63F-B16920A47F56}.Release|Default.Deploy.0 = Release
	EndGlobalSection
	GlobalSection(SolutionProperties) = preSolution
		HideSolutionNode = FALSE
	EndGlobalSection
EndGlobal
