
Microsoft Visual Studio Solution File, Format Version 11.00
# Visual Studio 2010
Project("{F14B399A-7131-4C87-9E4B-1186C45EF12D}") = "SSRS Report1", "SSRS Report1\SSRS Report1.rptproj", "{F2ACFE35-CD2D-4F3A-9EE8-321218A5A439}"
EndProject
Global
	GlobalSection(SolutionConfigurationPlatforms) = preSolution
		Debug|Default = Debug|Default
		DebugLocal|Default = DebugLocal|Default
		Release|Default = Release|Default
	EndGlobalSection
	GlobalSection(ProjectConfigurationPlatforms) = postSolution
		{F2ACFE35-CD2D-4F3A-9EE8-321218A5A439}.Debug|Default.ActiveCfg = Debug
		{F2ACFE35-CD2D-4F3A-9EE8-321218A5A439}.Debug|Default.Build.0 = DebugLocal
		{F2ACFE35-CD2D-4F3A-9EE8-321218A5A439}.Debug|Default.Deploy.0 = DebugLocal
		{F2ACFE35-CD2D-4F3A-9EE8-321218A5A439}.DebugLocal|Default.ActiveCfg = DebugLocal
		{F2ACFE35-CD2D-4F3A-9EE8-321218A5A439}.DebugLocal|Default.Build.0 = DebugLocal
		{F2ACFE35-CD2D-4F3A-9EE8-321218A5A439}.Release|Default.ActiveCfg = Release
		{F2ACFE35-CD2D-4F3A-9EE8-321218A5A439}.Release|Default.Build.0 = Release
		{F2ACFE35-CD2D-4F3A-9EE8-321218A5A439}.Release|Default.Deploy.0 = Release
	EndGlobalSection
	GlobalSection(SolutionProperties) = preSolution
		HideSolutionNode = FALSE
	EndGlobalSection
EndGlobal
