
Microsoft Visual Studio Solution File, Format Version 11.00
# Visual Studio 2010
Project("{F14B399A-7131-4C87-9E4B-1186C45EF12D}") = "MainReport", "MainReport\MainReport.rptproj", "{90941B67-10C2-48FA-8B39-99C488479DD7}"
EndProject
Global
	GlobalSection(SolutionConfigurationPlatforms) = preSolution
		Debug|Default = Debug|Default
		DebugLocal|Default = DebugLocal|Default
		Release|Default = Release|Default
	EndGlobalSection
	GlobalSection(ProjectConfigurationPlatforms) = postSolution
		{90941B67-10C2-48FA-8B39-99C488479DD7}.Debug|Default.ActiveCfg = Debug
		{90941B67-10C2-48FA-8B39-99C488479DD7}.Debug|Default.Build.0 = DebugLocal
		{90941B67-10C2-48FA-8B39-99C488479DD7}.Debug|Default.Deploy.0 = DebugLocal
		{90941B67-10C2-48FA-8B39-99C488479DD7}.DebugLocal|Default.ActiveCfg = DebugLocal
		{90941B67-10C2-48FA-8B39-99C488479DD7}.DebugLocal|Default.Build.0 = DebugLocal
		{90941B67-10C2-48FA-8B39-99C488479DD7}.Release|Default.ActiveCfg = Release
		{90941B67-10C2-48FA-8B39-99C488479DD7}.Release|Default.Build.0 = Release
		{90941B67-10C2-48FA-8B39-99C488479DD7}.Release|Default.Deploy.0 = Release
	EndGlobalSection
	GlobalSection(SolutionProperties) = preSolution
		HideSolutionNode = FALSE
	EndGlobalSection
EndGlobal
