
Microsoft Visual Studio Solution File, Format Version 11.00
# Visual Studio 2010
Project("{159641D6-6404-4A2A-AE62-294DE0FE8301}") = "Excel in multiple tables", "Excel in multiple tables\Excel in multiple tables.dtproj", "{221F2FEC-5E25-409C-A9B8-2D7AC04D37EB}"
EndProject
Global
	GlobalSection(SolutionConfigurationPlatforms) = preSolution
		Development|Default = Development|Default
	EndGlobalSection
	GlobalSection(ProjectConfigurationPlatforms) = postSolution
		{221F2FEC-5E25-409C-A9B8-2D7AC04D37EB}.Development|Default.ActiveCfg = Development
		{221F2FEC-5E25-409C-A9B8-2D7AC04D37EB}.Development|Default.Build.0 = Development
	EndGlobalSection
	GlobalSection(SolutionProperties) = preSolution
		HideSolutionNode = FALSE
	EndGlobalSection
EndGlobal
