
Microsoft Visual Studio Solution File, Format Version 11.00
# Visual Studio 2010
Project("{F14B399A-7131-4C87-9E4B-1186C45EF12D}") = "SSRS Report 1", "SSRS Report 1\SSRS Report 1.rptproj", "{636CF09D-FC1E-495B-8DB1-E38D92E05BA2}"
EndProject
Global
	GlobalSection(SolutionConfigurationPlatforms) = preSolution
		Debug|Default = Debug|Default
		DebugLocal|Default = DebugLocal|Default
		Release|Default = Release|Default
	EndGlobalSection
	GlobalSection(ProjectConfigurationPlatforms) = postSolution
		{636CF09D-FC1E-495B-8DB1-E38D92E05BA2}.Debug|Default.ActiveCfg = Debug
		{636CF09D-FC1E-495B-8DB1-E38D92E05BA2}.Debug|Default.Build.0 = DebugLocal
		{636CF09D-FC1E-495B-8DB1-E38D92E05BA2}.Debug|Default.Deploy.0 = DebugLocal
		{636CF09D-FC1E-495B-8DB1-E38D92E05BA2}.DebugLocal|Default.ActiveCfg = DebugLocal
		{636CF09D-FC1E-495B-8DB1-E38D92E05BA2}.DebugLocal|Default.Build.0 = DebugLocal
		{636CF09D-FC1E-495B-8DB1-E38D92E05BA2}.Release|Default.ActiveCfg = Release
		{636CF09D-FC1E-495B-8DB1-E38D92E05BA2}.Release|Default.Build.0 = Release
		{636CF09D-FC1E-495B-8DB1-E38D92E05BA2}.Release|Default.Deploy.0 = Release
	EndGlobalSection
	GlobalSection(SolutionProperties) = preSolution
		HideSolutionNode = FALSE
	EndGlobalSection
EndGlobal
