
Microsoft Visual Studio Solution File, Format Version 11.00
# Visual Studio 2010
Project("{F14B399A-7131-4C87-9E4B-1186C45EF12D}") = "SSRS with MDX2", "SSRS with MDX2\SSRS with MDX2.rptproj", "{AD86A33B-42B2-4881-8615-ADEE6A1A59F8}"
EndProject
Global
	GlobalSection(SolutionConfigurationPlatforms) = preSolution
		Debug|Default = Debug|Default
		DebugLocal|Default = DebugLocal|Default
		Release|Default = Release|Default
	EndGlobalSection
	GlobalSection(ProjectConfigurationPlatforms) = postSolution
		{AD86A33B-42B2-4881-8615-ADEE6A1A59F8}.Debug|Default.ActiveCfg = Debug
		{AD86A33B-42B2-4881-8615-ADEE6A1A59F8}.Debug|Default.Build.0 = DebugLocal
		{AD86A33B-42B2-4881-8615-ADEE6A1A59F8}.Debug|Default.Deploy.0 = DebugLocal
		{AD86A33B-42B2-4881-8615-ADEE6A1A59F8}.DebugLocal|Default.ActiveCfg = DebugLocal
		{AD86A33B-42B2-4881-8615-ADEE6A1A59F8}.DebugLocal|Default.Build.0 = DebugLocal
		{AD86A33B-42B2-4881-8615-ADEE6A1A59F8}.Release|Default.ActiveCfg = Release
		{AD86A33B-42B2-4881-8615-ADEE6A1A59F8}.Release|Default.Build.0 = Release
		{AD86A33B-42B2-4881-8615-ADEE6A1A59F8}.Release|Default.Deploy.0 = Release
	EndGlobalSection
	GlobalSection(SolutionProperties) = preSolution
		HideSolutionNode = FALSE
	EndGlobalSection
EndGlobal
