
Microsoft Visual Studio Solution File, Format Version 11.00
# Visual Studio 2010
Project("{D2ABAB84-BF74-430A-B69E-9DC6D40DDA17}") = "Latest Cube13-09-2017", "Latest Cube13-09-2017\Latest Cube13-09-2017.dwproj", "{064D044A-CF7B-48FB-9275-4B6A3BB863A8}"
EndProject
Global
	GlobalSection(SolutionConfigurationPlatforms) = preSolution
		Development|Default = Development|Default
	EndGlobalSection
	GlobalSection(ProjectConfigurationPlatforms) = postSolution
		{064D044A-CF7B-48FB-9275-4B6A3BB863A8}.Development|Default.ActiveCfg = Development
		{064D044A-CF7B-48FB-9275-4B6A3BB863A8}.Development|Default.Build.0 = Development
		{064D044A-CF7B-48FB-9275-4B6A3BB863A8}.Development|Default.Deploy.0 = Development
	EndGlobalSection
	GlobalSection(SolutionProperties) = preSolution
		HideSolutionNode = FALSE
	EndGlobalSection
EndGlobal
