
Microsoft Visual Studio Solution File, Format Version 11.00
# Visual Studio 2010
Project("{F14B399A-7131-4C87-9E4B-1186C45EF12D}") = "Practice Reports 27072017", "Practice Reports 27072017\Practice Reports 27072017.rptproj", "{7AAA56CB-A6DE-4450-9D57-539354440531}"
EndProject
Global
	GlobalSection(SolutionConfigurationPlatforms) = preSolution
		Debug|Default = Debug|Default
		DebugLocal|Default = DebugLocal|Default
		Release|Default = Release|Default
	EndGlobalSection
	GlobalSection(ProjectConfigurationPlatforms) = postSolution
		{7AAA56CB-A6DE-4450-9D57-539354440531}.Debug|Default.ActiveCfg = Debug
		{7AAA56CB-A6DE-4450-9D57-539354440531}.Debug|Default.Build.0 = DebugLocal
		{7AAA56CB-A6DE-4450-9D57-539354440531}.Debug|Default.Deploy.0 = DebugLocal
		{7AAA56CB-A6DE-4450-9D57-539354440531}.DebugLocal|Default.ActiveCfg = DebugLocal
		{7AAA56CB-A6DE-4450-9D57-539354440531}.DebugLocal|Default.Build.0 = DebugLocal
		{7AAA56CB-A6DE-4450-9D57-539354440531}.Release|Default.ActiveCfg = Release
		{7AAA56CB-A6DE-4450-9D57-539354440531}.Release|Default.Build.0 = Release
		{7AAA56CB-A6DE-4450-9D57-539354440531}.Release|Default.Deploy.0 = Release
	EndGlobalSection
	GlobalSection(SolutionProperties) = preSolution
		HideSolutionNode = FALSE
	EndGlobalSection
EndGlobal
