
Microsoft Visual Studio Solution File, Format Version 11.00
# Visual Studio 2010
Project("{F14B399A-7131-4C87-9E4B-1186C45EF12D}") = "PMBR 340_NEW", "PMBR 340_NEW\PMBR 340_NEW.rptproj", "{31D7A417-5BB2-4241-ACB4-C1B4E06AE9D7}"
EndProject
Global
	GlobalSection(SolutionConfigurationPlatforms) = preSolution
		Debug|Default = Debug|Default
		DebugLocal|Default = DebugLocal|Default
		Release|Default = Release|Default
	EndGlobalSection
	GlobalSection(ProjectConfigurationPlatforms) = postSolution
		{31D7A417-5BB2-4241-ACB4-C1B4E06AE9D7}.Debug|Default.ActiveCfg = Debug
		{31D7A417-5BB2-4241-ACB4-C1B4E06AE9D7}.Debug|Default.Build.0 = DebugLocal
		{31D7A417-5BB2-4241-ACB4-C1B4E06AE9D7}.Debug|Default.Deploy.0 = DebugLocal
		{31D7A417-5BB2-4241-ACB4-C1B4E06AE9D7}.DebugLocal|Default.ActiveCfg = DebugLocal
		{31D7A417-5BB2-4241-ACB4-C1B4E06AE9D7}.DebugLocal|Default.Build.0 = DebugLocal
		{31D7A417-5BB2-4241-ACB4-C1B4E06AE9D7}.Release|Default.ActiveCfg = Release
		{31D7A417-5BB2-4241-ACB4-C1B4E06AE9D7}.Release|Default.Build.0 = Release
		{31D7A417-5BB2-4241-ACB4-C1B4E06AE9D7}.Release|Default.Deploy.0 = Release
	EndGlobalSection
	GlobalSection(SolutionProperties) = preSolution
		HideSolutionNode = FALSE
	EndGlobalSection
EndGlobal
