
Microsoft Visual Studio Solution File, Format Version 11.00
# Visual Studio 2010
Project("{F14B399A-7131-4C87-9E4B-1186C45EF12D}") = "PMBR 383", "PMBR 383\PMBR 383.rptproj", "{A6378C21-26A8-485F-8DBB-C2CF48FF222A}"
EndProject
Global
	GlobalSection(SolutionConfigurationPlatforms) = preSolution
		Debug|Default = Debug|Default
		DebugLocal|Default = DebugLocal|Default
		Release|Default = Release|Default
	EndGlobalSection
	GlobalSection(ProjectConfigurationPlatforms) = postSolution
		{A6378C21-26A8-485F-8DBB-C2CF48FF222A}.Debug|Default.ActiveCfg = Debug
		{A6378C21-26A8-485F-8DBB-C2CF48FF222A}.Debug|Default.Build.0 = DebugLocal
		{A6378C21-26A8-485F-8DBB-C2CF48FF222A}.Debug|Default.Deploy.0 = DebugLocal
		{A6378C21-26A8-485F-8DBB-C2CF48FF222A}.DebugLocal|Default.ActiveCfg = DebugLocal
		{A6378C21-26A8-485F-8DBB-C2CF48FF222A}.DebugLocal|Default.Build.0 = DebugLocal
		{A6378C21-26A8-485F-8DBB-C2CF48FF222A}.Release|Default.ActiveCfg = Release
		{A6378C21-26A8-485F-8DBB-C2CF48FF222A}.Release|Default.Build.0 = Release
		{A6378C21-26A8-485F-8DBB-C2CF48FF222A}.Release|Default.Deploy.0 = Release
	EndGlobalSection
	GlobalSection(SolutionProperties) = preSolution
		HideSolutionNode = FALSE
	EndGlobalSection
EndGlobal
