
Microsoft Visual Studio Solution File, Format Version 11.00
# Visual Studio 2010
Project("{F14B399A-7131-4C87-9E4B-1186C45EF12D}") = "Samung Contacts", "Samung Contacts\Samung Contacts.rptproj", "{F72A1409-D72A-4CDB-AEF9-9CB6BF93F11E}"
EndProject
Global
	GlobalSection(SolutionConfigurationPlatforms) = preSolution
		Debug|Default = Debug|Default
		DebugLocal|Default = DebugLocal|Default
		Release|Default = Release|Default
	EndGlobalSection
	GlobalSection(ProjectConfigurationPlatforms) = postSolution
		{F72A1409-D72A-4CDB-AEF9-9CB6BF93F11E}.Debug|Default.ActiveCfg = Debug
		{F72A1409-D72A-4CDB-AEF9-9CB6BF93F11E}.Debug|Default.Build.0 = DebugLocal
		{F72A1409-D72A-4CDB-AEF9-9CB6BF93F11E}.Debug|Default.Deploy.0 = DebugLocal
		{F72A1409-D72A-4CDB-AEF9-9CB6BF93F11E}.DebugLocal|Default.ActiveCfg = DebugLocal
		{F72A1409-D72A-4CDB-AEF9-9CB6BF93F11E}.DebugLocal|Default.Build.0 = DebugLocal
		{F72A1409-D72A-4CDB-AEF9-9CB6BF93F11E}.Release|Default.ActiveCfg = Release
		{F72A1409-D72A-4CDB-AEF9-9CB6BF93F11E}.Release|Default.Build.0 = Release
		{F72A1409-D72A-4CDB-AEF9-9CB6BF93F11E}.Release|Default.Deploy.0 = Release
	EndGlobalSection
	GlobalSection(SolutionProperties) = preSolution
		HideSolutionNode = FALSE
	EndGlobalSection
EndGlobal
