
Microsoft Visual Studio Solution File, Format Version 11.00
# Visual Studio 2010
Project("{159641D6-6404-4A2A-AE62-294DE0FE8301}") = "Load Flat excel", "Load Flat excel\Load Flat excel.dtproj", "{4E974042-8AA1-4ED0-9FCD-41D29D6A5559}"
EndProject
Global
	GlobalSection(SolutionConfigurationPlatforms) = preSolution
		Development|Default = Development|Default
	EndGlobalSection
	GlobalSection(ProjectConfigurationPlatforms) = postSolution
		{4E974042-8AA1-4ED0-9FCD-41D29D6A5559}.Development|Default.ActiveCfg = Development
		{4E974042-8AA1-4ED0-9FCD-41D29D6A5559}.Development|Default.Build.0 = Development
	EndGlobalSection
	GlobalSection(SolutionProperties) = preSolution
		HideSolutionNode = FALSE
	EndGlobalSection
EndGlobal
