
Microsoft Visual Studio Solution File, Format Version 11.00
# Visual Studio 2010
Project("{F14B399A-7131-4C87-9E4B-1186C45EF12D}") = "PMBR 93", "PMBR 93\PMBR 93.rptproj", "{AFAC3FFE-8D5F-42F8-A2AF-5900A026294E}"
EndProject
Global
	GlobalSection(SolutionConfigurationPlatforms) = preSolution
		Debug|Default = Debug|Default
		DebugLocal|Default = DebugLocal|Default
		Release|Default = Release|Default
	EndGlobalSection
	GlobalSection(ProjectConfigurationPlatforms) = postSolution
		{AFAC3FFE-8D5F-42F8-A2AF-5900A026294E}.Debug|Default.ActiveCfg = Debug
		{AFAC3FFE-8D5F-42F8-A2AF-5900A026294E}.Debug|Default.Build.0 = DebugLocal
		{AFAC3FFE-8D5F-42F8-A2AF-5900A026294E}.Debug|Default.Deploy.0 = DebugLocal
		{AFAC3FFE-8D5F-42F8-A2AF-5900A026294E}.DebugLocal|Default.ActiveCfg = DebugLocal
		{AFAC3FFE-8D5F-42F8-A2AF-5900A026294E}.DebugLocal|Default.Build.0 = DebugLocal
		{AFAC3FFE-8D5F-42F8-A2AF-5900A026294E}.Release|Default.ActiveCfg = Release
		{AFAC3FFE-8D5F-42F8-A2AF-5900A026294E}.Release|Default.Build.0 = Release
		{AFAC3FFE-8D5F-42F8-A2AF-5900A026294E}.Release|Default.Deploy.0 = Release
	EndGlobalSection
	GlobalSection(SolutionProperties) = preSolution
		HideSolutionNode = FALSE
	EndGlobalSection
EndGlobal
