
Microsoft Visual Studio Solution File, Format Version 11.00
# Visual Studio 2010
Project("{D2ABAB84-BF74-430A-B69E-9DC6D40DDA17}") = "Practice 16.1", "Practice 16.1\Practice 16.1.dwproj", "{7A0E3963-C98B-4BC4-9547-6C8136FCF02E}"
EndProject
Global
	GlobalSection(SolutionConfigurationPlatforms) = preSolution
		Development|Default = Development|Default
	EndGlobalSection
	GlobalSection(ProjectConfigurationPlatforms) = postSolution
		{7A0E3963-C98B-4BC4-9547-6C8136FCF02E}.Development|Default.ActiveCfg = Development
		{7A0E3963-C98B-4BC4-9547-6C8136FCF02E}.Development|Default.Build.0 = Development
		{7A0E3963-C98B-4BC4-9547-6C8136FCF02E}.Development|Default.Deploy.0 = Development
	EndGlobalSection
	GlobalSection(SolutionProperties) = preSolution
		HideSolutionNode = FALSE
	EndGlobalSection
EndGlobal
