
Microsoft Visual Studio Solution File, Format Version 11.00
# Visual Studio 2010
Project("{F14B399A-7131-4C87-9E4B-1186C45EF12D}") = "PMBR 148", "PMBR 148\PMBR 148.rptproj", "{BBE5991E-6409-4CDC-8FC2-46E303262CB3}"
EndProject
Global
	GlobalSection(SolutionConfigurationPlatforms) = preSolution
		Debug|Default = Debug|Default
		DebugLocal|Default = DebugLocal|Default
		Release|Default = Release|Default
	EndGlobalSection
	GlobalSection(ProjectConfigurationPlatforms) = postSolution
		{BBE5991E-6409-4CDC-8FC2-46E303262CB3}.Debug|Default.ActiveCfg = Debug
		{BBE5991E-6409-4CDC-8FC2-46E303262CB3}.Debug|Default.Build.0 = DebugLocal
		{BBE5991E-6409-4CDC-8FC2-46E303262CB3}.Debug|Default.Deploy.0 = DebugLocal
		{BBE5991E-6409-4CDC-8FC2-46E303262CB3}.DebugLocal|Default.ActiveCfg = DebugLocal
		{BBE5991E-6409-4CDC-8FC2-46E303262CB3}.DebugLocal|Default.Build.0 = DebugLocal
		{BBE5991E-6409-4CDC-8FC2-46E303262CB3}.Release|Default.ActiveCfg = Release
		{BBE5991E-6409-4CDC-8FC2-46E303262CB3}.Release|Default.Build.0 = Release
		{BBE5991E-6409-4CDC-8FC2-46E303262CB3}.Release|Default.Deploy.0 = Release
	EndGlobalSection
	GlobalSection(SolutionProperties) = preSolution
		HideSolutionNode = FALSE
	EndGlobalSection
EndGlobal
