
Microsoft Visual Studio Solution File, Format Version 11.00
# Visual Studio 2010
Project("{D2ABAB84-BF74-430A-B69E-9DC6D40DDA17}") = "Testing Project", "Testing Project\Testing Project.dwproj", "{DC0D7686-FE92-4ED3-9BD4-DABA325FAE98}"
EndProject
Global
	GlobalSection(SolutionConfigurationPlatforms) = preSolution
		Development|Default = Development|Default
	EndGlobalSection
	GlobalSection(ProjectConfigurationPlatforms) = postSolution
		{DC0D7686-FE92-4ED3-9BD4-DABA325FAE98}.Development|Default.ActiveCfg = Development
		{DC0D7686-FE92-4ED3-9BD4-DABA325FAE98}.Development|Default.Build.0 = Development
		{DC0D7686-FE92-4ED3-9BD4-DABA325FAE98}.Development|Default.Deploy.0 = Development
	EndGlobalSection
	GlobalSection(SolutionProperties) = preSolution
		HideSolutionNode = FALSE
	EndGlobalSection
EndGlobal
