
Microsoft Visual Studio Solution File, Format Version 11.00
# Visual Studio 2010
Project("{F14B399A-7131-4C87-9E4B-1186C45EF12D}") = "Pmbr 327new", "Pmbr 327new\Pmbr 327new.rptproj", "{2372A7EE-78E3-4B8F-9895-6995F8624377}"
EndProject
Global
	GlobalSection(SolutionConfigurationPlatforms) = preSolution
		Debug|Default = Debug|Default
		DebugLocal|Default = DebugLocal|Default
		Release|Default = Release|Default
	EndGlobalSection
	GlobalSection(ProjectConfigurationPlatforms) = postSolution
		{2372A7EE-78E3-4B8F-9895-6995F8624377}.Debug|Default.ActiveCfg = Debug
		{2372A7EE-78E3-4B8F-9895-6995F8624377}.Debug|Default.Build.0 = DebugLocal
		{2372A7EE-78E3-4B8F-9895-6995F8624377}.Debug|Default.Deploy.0 = DebugLocal
		{2372A7EE-78E3-4B8F-9895-6995F8624377}.DebugLocal|Default.ActiveCfg = DebugLocal
		{2372A7EE-78E3-4B8F-9895-6995F8624377}.DebugLocal|Default.Build.0 = DebugLocal
		{2372A7EE-78E3-4B8F-9895-6995F8624377}.Release|Default.ActiveCfg = Release
		{2372A7EE-78E3-4B8F-9895-6995F8624377}.Release|Default.Build.0 = Release
		{2372A7EE-78E3-4B8F-9895-6995F8624377}.Release|Default.Deploy.0 = Release
	EndGlobalSection
	GlobalSection(SolutionProperties) = preSolution
		HideSolutionNode = FALSE
	EndGlobalSection
EndGlobal
