
Microsoft Visual Studio Solution File, Format Version 11.00
# Visual Studio 2010
Project("{D2ABAB84-BF74-430A-B69E-9DC6D40DDA17}") = "SSAS Cube2", "SSAS Cube2\SSAS Cube2.dwproj", "{D14CDA1C-7547-463B-8470-41ED0EBF26AC}"
EndProject
Global
	GlobalSection(SolutionConfigurationPlatforms) = preSolution
		Development|Default = Development|Default
	EndGlobalSection
	GlobalSection(ProjectConfigurationPlatforms) = postSolution
		{D14CDA1C-7547-463B-8470-41ED0EBF26AC}.Development|Default.ActiveCfg = Development
		{D14CDA1C-7547-463B-8470-41ED0EBF26AC}.Development|Default.Build.0 = Development
		{D14CDA1C-7547-463B-8470-41ED0EBF26AC}.Development|Default.Deploy.0 = Development
	EndGlobalSection
	GlobalSection(SolutionProperties) = preSolution
		HideSolutionNode = FALSE
	EndGlobalSection
EndGlobal
