
Microsoft Visual Studio Solution File, Format Version 11.00
# Visual Studio 2010
Project("{F14B399A-7131-4C87-9E4B-1186C45EF12D}") = "340 hospaffnotes", "340 hospaffnotes\340 hospaffnotes.rptproj", "{7C5276E5-8B9E-402D-B826-74A066A279BE}"
EndProject
Global
	GlobalSection(SolutionConfigurationPlatforms) = preSolution
		Debug|Default = Debug|Default
		DebugLocal|Default = DebugLocal|Default
		Release|Default = Release|Default
	EndGlobalSection
	GlobalSection(ProjectConfigurationPlatforms) = postSolution
		{7C5276E5-8B9E-402D-B826-74A066A279BE}.Debug|Default.ActiveCfg = Debug
		{7C5276E5-8B9E-402D-B826-74A066A279BE}.Debug|Default.Build.0 = DebugLocal
		{7C5276E5-8B9E-402D-B826-74A066A279BE}.Debug|Default.Deploy.0 = DebugLocal
		{7C5276E5-8B9E-402D-B826-74A066A279BE}.DebugLocal|Default.ActiveCfg = DebugLocal
		{7C5276E5-8B9E-402D-B826-74A066A279BE}.DebugLocal|Default.Build.0 = DebugLocal
		{7C5276E5-8B9E-402D-B826-74A066A279BE}.Release|Default.ActiveCfg = Release
		{7C5276E5-8B9E-402D-B826-74A066A279BE}.Release|Default.Build.0 = Release
		{7C5276E5-8B9E-402D-B826-74A066A279BE}.Release|Default.Deploy.0 = Release
	EndGlobalSection
	GlobalSection(SolutionProperties) = preSolution
		HideSolutionNode = FALSE
	EndGlobalSection
EndGlobal
